// !$*UTF8*$!
{
	archiveVersion = 1;
	classes = {
	};
	objectVersion = 56;
	objects = {

/* Begin PBXBuildFile section */
		33F7067B29D2FD40005587B2 /* AppDelegate.swift in Sources */ = {isa = PBXBuildFile; fileRef = 33F7067A29D2FD40005587B2 /* AppDelegate.swift */; };
		33F7067D29D2FD40005587B2 /* SceneDelegate.swift in Sources */ = {isa = PBXBuildFile; fileRef = 33F7067C29D2FD40005587B2 /* SceneDelegate.swift */; };
		33F7067F29D2FD40005587B2 /* ViewController.swift in Sources */ = {isa = PBXBuildFile; fileRef = 33F7067E29D2FD40005587B2 /* ViewController.swift */; };
		33F7068229D2FD40005587B2 /* Main.storyboard in Resources */ = {isa = PBXBuildFile; fileRef = 33F7068029D2FD40005587B2 /* Main.storyboard */; };
		33F7068429D2FD42005587B2 /* Assets.xcassets in Resources */ = {isa = PBXBuildFile; fileRef = 33F7068329D2FD42005587B2 /* Assets.xcassets */; };
		33F7068729D2FD42005587B2 /* LaunchScreen.storyboard in Resources */ = {isa = PBXBuildFile; fileRef = 33F7068529D2FD42005587B2 /* LaunchScreen.storyboard */; };
		33F7069229D2FD42005587B2 /* Joural_AppTests.swift in Sources */ = {isa = PBXBuildFile; fileRef = 33F7069129D2FD42005587B2 /* Joural_AppTests.swift */; };
		33F7069C29D2FD42005587B2 /* Joural_AppUITests.swift in Sources */ = {isa = PBXBuildFile; fileRef = 33F7069B29D2FD42005587B2 /* Joural_AppUITests.swift */; };
		33F7069E29D2FD42005587B2 /* Joural_AppUITestsLaunchTests.swift in Sources */ = {isa = PBXBuildFile; fileRef = 33F7069D29D2FD42005587B2 /* Joural_AppUITestsLaunchTests.swift */; };
/* End PBXBuildFile section */

/* Begin PBXContainerItemProxy section */
		33F7068E29D2FD42005587B2 /* PBXContainerItemProxy */ = {
			isa = PBXContainerItemProxy;
			containerPortal = 33F7066F29D2FD40005587B2 /* Project object */;
			proxyType = 1;
			remoteGlobalIDString = 33F7067629D2FD40005587B2;
			remoteInfo = "Joural App";
		};
		33F7069829D2FD42005587B2 /* PBXContainerItemProxy */ = {
			isa = PBXContainerItemProxy;
			containerPortal = 33F7066F29D2FD40005587B2 /* Project object */;
			proxyType = 1;
			remoteGlobalIDString = 33F7067629D2FD40005587B2;
			remoteInfo = "Joural App";
		};
/* End PBXContainerItemProxy section */

/* Begin PBXFileReference section */
		33F7067729D2FD40005587B2 /* Joural App.app */ = {isa = PBXFileReference; explicitFileType = wrapper.application; includeInIndex = 0; path = "Joural App.app"; sourceTree = BUILT_PRODUCTS_DIR; };
		33F7067A29D2FD40005587B2 /* AppDelegate.swift */ = {isa = PBXFileReference; lastKnownFileType = sourcecode.swift; path = AppDelegate.swift; sourceTree = "<group>"; };
		33F7067C29D2FD40005587B2 /* SceneDelegate.swift */ = {isa = PBXFileReference; lastKnownFileType = sourcecode.swift; path = SceneDelegate.swift; sourceTree = "<group>"; };
		33F7067E29D2FD40005587B2 /* ViewController.swift */ = {isa = PBXFileReference; lastKnownFileType = sourcecode.swift; path = ViewController.swift; sourceTree = "<group>"; };
		33F7068129D2FD40005587B2 /* Base */ = {isa = PBXFileReference; lastKnownFileType = file.storyboard; name = Base; path = Base.lproj/Main.storyboard; sourceTree = "<group>"; };
		33F7068329D2FD42005587B2 /* Assets.xcassets */ = {isa = PBXFileReference; lastKnownFileType = folder.assetcatalog; path = Assets.xcassets; sourceTree = "<group>"; };
		33F7068629D2FD42005587B2 /* Base */ = {isa = PBXFileReference; lastKnownFileType = file.storyboard; name = Base; path = Base.lproj/LaunchScreen.storyboard; sourceTree = "<group>"; };
		33F7068829D2FD42005587B2 /* Info.plist */ = {isa = PBXFileReference; lastKnownFileType = text.plist.xml; path = Info.plist; sourceTree = "<group>"; };
		33F7068D29D2FD42005587B2 /* Joural AppTests.xctest */ = {isa = PBXFileReference; explicitFileType = wrapper.cfbundle; includeInIndex = 0; path = "Joural AppTests.xctest"; sourceTree = BUILT_PRODUCTS_DIR; };
		33F7069129D2FD42005587B2 /* Joural_AppTests.swift */ = {isa = PBXFileReference; lastKnownFileType = sourcecode.swift; path = Joural_AppTests.swift; sourceTree = "<group>"; };
		33F7069729D2FD42005587B2 /* Joural AppUITests.xctest */ = {isa = PBXFileReference; explicitFileType = wrapper.cfbundle; includeInIndex = 0; path = "Joural AppUITests.xctest"; sourceTree = BUILT_PRODUCTS_DIR; };
		33F7069B29D2FD42005587B2 /* Joural_AppUITests.swift */ = {isa = PBXFileReference; lastKnownFileType = sourcecode.swift; path = Joural_AppUITests.swift; sourceTree = "<group>"; };
		33F7069D29D2FD42005587B2 /* Joural_AppUITestsLaunchTests.swift */ = {isa = PBXFileReference; lastKnownFileType = sourcecode.swift; path = Joural_AppUITestsLaunchTests.swift; sourceTree = "<group>"; };
/* End PBXFileReference section */

/* Begin PBXFrameworksBuildPhase section */
		33F7067429D2FD40005587B2 /* Frameworks */ = {
			isa = PBXFrameworksBuildPhase;
			buildActionMask = 2147483647;
			files = (
			);
			runOnlyForDeploymentPostprocessing = 0;
		};
		33F7068A29D2FD42005587B2 /* Frameworks */ = {
			isa = PBXFrameworksBuildPhase;
			buildActionMask = 2147483647;
			files = (
			);
			runOnlyForDeploymentPostprocessing = 0;
		};
		33F7069429D2FD42005587B2 /* Frameworks */ = {
			isa = PBXFrameworksBuildPhase;
			buildActionMask = 2147483647;
			files = (
			);
			runOnlyForDeploymentPostprocessing = 0;
		};
/* End PBXFrameworksBuildPhase section */

/* Begin PBXGroup section */
		33F7066E29D2FD40005587B2 = {
			isa = PBXGroup;
			children = (
				33F7067929D2FD40005587B2 /* Joural App */,
				33F7069029D2FD42005587B2 /* Joural AppTests */,
				33F7069A29D2FD42005587B2 /* Joural AppUITests */,
				33F7067829D2FD40005587B2 /* Products */,
			);
			sourceTree = "<group>";
		};
		33F7067829D2FD40005587B2 /* Products */ = {
			isa = PBXGroup;
			children = (
				33F7067729D2FD40005587B2 /* Joural App.app */,
				33F7068D29D2FD42005587B2 /* Joural AppTests.xctest */,
				33F7069729D2FD42005587B2 /* Joural AppUITests.xctest */,
			);
			name = Products;
			sourceTree = "<group>";
		};
		33F7067929D2FD40005587B2 /* Joural App */ = {
			isa = PBXGroup;
			children = (
				33F7067A29D2FD40005587B2 /* AppDelegate.swift */,
				33F7067C29D2FD40005587B2 /* SceneDelegate.swift */,
				33F7067E29D2FD40005587B2 /* ViewController.swift */,
				33F7068029D2FD40005587B2 /* Main.storyboard */,
				33F7068329D2FD42005587B2 /* Assets.xcassets */,
				33F7068529D2FD42005587B2 /* LaunchScreen.storyboard */,
				33F7068829D2FD42005587B2 /* Info.plist */,
			);
			path = "Joural App";
			sourceTree = "<group>";
		};
		33F7069029D2FD42005587B2 /* Joural AppTests */ = {
			isa = PBXGroup;
			children = (
				33F7069129D2FD42005587B2 /* Joural_AppTests.swift */,
			);
			path = "Joural AppTests";
			sourceTree = "<group>";
		};
		33F7069A29D2FD42005587B2 /* Joural AppUITests */ = {
			isa = PBXGroup;
			children = (
				33F7069B29D2FD42005587B2 /* Joural_AppUITests.swift */,
				33F7069D29D2FD42005587B2 /* Joural_AppUITestsLaunchTests.swift */,
			);
			path = "Joural AppUITests";
			sourceTree = "<group>";
		};
/* End PBXGroup section */

/* Begin PBXNativeTarget section */
		33F7067629D2FD40005587B2 /* Joural App */ = {
			isa = PBXNativeTarget;
			buildConfigurationList = 33F706A129D2FD42005587B2 /* Build configuration list for PBXNativeTarget "Joural App" */;
			buildPhases = (
				33F7067329D2FD40005587B2 /* Sources */,
				33F7067429D2FD40005587B2 /* Frameworks */,
				33F7067529D2FD40005587B2 /* Resources */,
			);
			buildRules = (
			);
			dependencies = (
			);
			name = "Joural App";
			productName = "Joural App";
			productReference = 33F7067729D2FD40005587B2 /* Joural App.app */;
			productType = "com.apple.product-type.application";
		};
		33F7068C29D2FD42005587B2 /* Joural AppTests */ = {
			isa = PBXNativeTarget;
			buildConfigurationList = 33F706A429D2FD42005587B2 /* Build configuration list for PBXNativeTarget "Joural AppTests" */;
			buildPhases = (
				33F7068929D2FD42005587B2 /* Sources */,
				33F7068A29D2FD42005587B2 /* Frameworks */,
				33F7068B29D2FD42005587B2 /* Resources */,
			);
			buildRules = (
			);
			dependencies = (
				33F7068F29D2FD42005587B2 /* PBXTargetDependency */,
			);
			name = "Joural AppTests";
			productName = "Joural AppTests";
			productReference = 33F7068D29D2FD42005587B2 /* Joural AppTests.xctest */;
			productType = "com.apple.product-type.bundle.unit-test";
		};
		33F7069629D2FD42005587B2 /* Joural AppUITests */ = {
			isa = PBXNativeTarget;
			buildConfigurationList = 33F706A729D2FD42005587B2 /* Build configuration list for PBXNativeTarget "Joural AppUITests" */;
			buildPhases = (
				33F7069329D2FD42005587B2 /* Sources */,
				33F7069429D2FD42005587B2 /* Frameworks */,
				33F7069529D2FD42005587B2 /* Resources */,
			);
			buildRules = (
			);
			dependencies = (
				33F7069929D2FD42005587B2 /* PBXTargetDependency */,
			);
			name = "Joural AppUITests";
			productName = "Joural AppUITests";
			productReference = 33F7069729D2FD42005587B2 /* Joural AppUITests.xctest */;
			productType = "com.apple.product-type.bundle.ui-testing";
		};
/* End PBXNativeTarget section */

/* Begin PBXProject section */
		33F7066F29D2FD40005587B2 /* Project object */ = {
			isa = PBXProject;
			attributes = {
				BuildIndependentTargetsInParallel = 1;
				LastSwiftUpdateCheck = 1420;
				LastUpgradeCheck = 1420;
				TargetAttributes = {
					33F7067629D2FD40005587B2 = {
						CreatedOnToolsVersion = 14.2;
					};
					33F7068C29D2FD42005587B2 = {
						CreatedOnToolsVersion = 14.2;
						TestTargetID = 33F7067629D2FD40005587B2;
					};
					33F7069629D2FD42005587B2 = {
						CreatedOnToolsVersion = 14.2;
						TestTargetID = 33F7067629D2FD40005587B2;
					};
				};
			};
			buildConfigurationList = 33F7067229D2FD40005587B2 /* Build configuration list for PBXProject "Joural App" */;
			compatibilityVersion = "Xcode 14.0";
			developmentRegion = en;
			hasScannedForEncodings = 0;
			knownRegions = (
				en,
				Base,
			);
			mainGroup = 33F7066E29D2FD40005587B2;
			productRefGroup = 33F7067829D2FD40005587B2 /* Products */;
			projectDirPath = "";
			projectRoot = "";
			targets = (
				33F7067629D2FD40005587B2 /* Joural App */,
				33F7068C29D2FD42005587B2 /* Joural AppTests */,
				33F7069629D2FD42005587B2 /* Joural AppUITests */,
			);
		};
/* End PBXProject section */

/* Begin PBXResourcesBuildPhase section */
		33F7067529D2FD40005587B2 /* Resources */ = {
			isa = PBXResourcesBuildPhase;
			buildActionMask = 2147483647;
			files = (
				33F7068729D2FD42005587B2 /* LaunchScreen.storyboard in Resources */,
				33F7068429D2FD42005587B2 /* Assets.xcassets in Resources */,
				33F7068229D2FD40005587B2 /* Main.storyboard in Resources */,
			);
			runOnlyForDeploymentPostprocessing = 0;
		};
		33F7068B29D2FD42005587B2 /* Resources */ = {
			isa = PBXResourcesBuildPhase;
			buildActionMask = 2147483647;
			files = (
			);
			runOnlyForDeploymentPostprocessing = 0;
		};
		33F7069529D2FD42005587B2 /* Resources */ = {
			isa = PBXResourcesBuildPhase;
			buildActionMask = 2147483647;
			files = (
			);
			runOnlyForDeploymentPostprocessing = 0;
		};
/* End PBXResourcesBuildPhase section */

/* Begin PBXSourcesBuildPhase section */
		33F7067329D2FD40005587B2 /* Sources */ = {
			isa = PBXSourcesBuildPhase;
			buildActionMask = 2147483647;
			files = (
				33F7067F29D2FD40005587B2 /* ViewController.swift in Sources */,
				33F7067B29D2FD40005587B2 /* AppDelegate.swift in Sources */,
				33F7067D29D2FD40005587B2 /* SceneDelegate.swift in Sources */,
			);
			runOnlyForDeploymentPostprocessing = 0;
		};
		33F7068929D2FD42005587B2 /* Sources */ = {
			isa = PBXSourcesBuildPhase;
			buildActionMask = 2147483647;
			files = (
				33F7069229D2FD42005587B2 /* Joural_AppTests.swift in Sources */,
			);
			runOnlyForDeploymentPostprocessing = 0;
		};
		33F7069329D2FD42005587B2 /* Sources */ = {
			isa = PBXSourcesBuildPhase;
			buildActionMask = 2147483647;
			files = (
				33F7069C29D2FD42005587B2 /* Joural_AppUITests.swift in Sources */,
				33F7069E29D2FD42005587B2 /* Joural_AppUITestsLaunchTests.swift in Sources */,
			);
			runOnlyForDeploymentPostprocessing = 0;
		};
/* End PBXSourcesBuildPhase section */

/* Begin PBXTargetDependency section */
		33F7068F29D2FD42005587B2 /* PBXTargetDependency */ = {
			isa = PBXTargetDependency;
			target = 33F7067629D2FD40005587B2 /* Joural App */;
			targetProxy = 33F7068E29D2FD42005587B2 /* PBXContainerItemProxy */;
		};
		33F7069929D2FD42005587B2 /* PBXTargetDependency */ = {
			isa = PBXTargetDependency;
			target = 33F7067629D2FD40005587B2 /* Joural App */;
			targetProxy = 33F7069829D2FD42005587B2 /* PBXContainerItemProxy */;
		};
/* End PBXTargetDependency section */

/* Begin PBXVariantGroup section */
		33F7068029D2FD40005587B2 /* Main.storyboard */ = {
			isa = PBXVariantGroup;
			children = (
				33F7068129D2FD40005587B2 /* Base */,
			);
			name = Main.storyboard;
			sourceTree = "<group>";
		};
		33F7068529D2FD42005587B2 /* LaunchScreen.storyboard */ = {
			isa = PBXVariantGroup;
			children = (
				33F7068629D2FD42005587B2 /* Base */,
			);
			name = LaunchScreen.storyboard;
			sourceTree = "<group>";
		};
/* End PBXVariantGroup section */

/* Begin XCBuildConfiguration section */
		33F7069F29D2FD42005587B2 /* Debug */ = {
			isa = XCBuildConfiguration;
			buildSettings = {
				ALWAYS_SEARCH_USER_PATHS = NO;
				CLANG_ANALYZER_NONNULL = YES;
				CLANG_ANALYZER_NUMBER_OBJECT_CONVERSION = YES_AGGRESSIVE;
				CLANG_CXX_LANGUAGE_STANDARD = "gnu++20";
				CLANG_ENABLE_MODULES = YES;
				CLANG_ENABLE_OBJC_ARC = YES;
				CLANG_ENABLE_OBJC_WEAK = YES;
				CLANG_WARN_BLOCK_CAPTURE_AUTORELEASING = YES;
				CLANG_WARN_BOOL_CONVERSION = YES;
				CLANG_WARN_COMMA = YES;
				CLANG_WARN_CONSTANT_CONVERSION = YES;
				CLANG_WARN_DEPRECATED_OBJC_IMPLEMENTATIONS = YES;
				CLANG_WARN_DIRECT_OBJC_ISA_USAGE = YES_ERROR;
				CLANG_WARN_DOCUMENTATION_COMMENTS = YES;
				CLANG_WARN_EMPTY_BODY = YES;
				CLANG_WARN_ENUM_CONVERSION = YES;
				CLANG_WARN_INFINITE_RECURSION = YES;
				CLANG_WARN_INT_CONVERSION = YES;
				CLANG_WARN_NON_LITERAL_NULL_CONVERSION = YES;
				CLANG_WARN_OBJC_IMPLICIT_RETAIN_SELF = YES;
				CLANG_WARN_OBJC_LITERAL_CONVERSION = YES;
				CLANG_WARN_OBJC_ROOT_CLASS = YES_ERROR;
				CLANG_WARN_QUOTED_INCLUDE_IN_FRAMEWORK_HEADER = YES;
				CLANG_WARN_RANGE_LOOP_ANALYSIS = YES;
				CLANG_WARN_STRICT_PROTOTYPES = YES;
				CLANG_WARN_SUSPICIOUS_MOVE = YES;
				CLANG_WARN_UNGUARDED_AVAILABILITY = YES_AGGRESSIVE;
				CLANG_WARN_UNREACHABLE_CODE = YES;
				CLANG_WARN__DUPLICATE_METHOD_MATCH = YES;
				COPY_PHASE_STRIP = NO;
				DEBUG_INFORMATION_FORMAT = dwarf;
				ENABLE_STRICT_OBJC_MSGSEND = YES;
				ENABLE_TESTABILITY = YES;
				GCC_C_LANGUAGE_STANDARD = gnu11;
				GCC_DYNAMIC_NO_PIC = NO;
				GCC_NO_COMMON_BLOCKS = YES;
				GCC_OPTIMIZATION_LEVEL = 0;
				GCC_PREPROCESSOR_DEFINITIONS = (
					"DEBUG=1",
					"$(inherited)",
				);
				GCC_WARN_64_TO_32_BIT_CONVERSION = YES;
				GCC_WARN_ABOUT_RETURN_TYPE = YES_ERROR;
				GCC_WARN_UNDECLARED_SELECTOR = YES;
				GCC_WARN_UNINITIALIZED_AUTOS = YES_AGGRESSIVE;
				GCC_WARN_UNUSED_FUNCTION = YES;
				GCC_WARN_UNUSED_VARIABLE = YES;
				IPHONEOS_DEPLOYMENT_TARGET = 16.2;
				MTL_ENABLE_DEBUG_INFO = INCLUDE_SOURCE;
				MTL_FAST_MATH = YES;
				ONLY_ACTIVE_ARCH = YES;
				SDKROOT = iphoneos;
				SWIFT_ACTIVE_COMPILATION_CONDITIONS = DEBUG;
				SWIFT_OPTIMIZATION_LEVEL = "-Onone";
			};
			name = Debug;
		};
		33F706A029D2FD42005587B2 /* Release */ = {
			isa = XCBuildConfiguration;
			buildSettings = {
				ALWAYS_SEARCH_USER_PATHS = NO;
				CLANG_ANALYZER_NONNULL = YES;
				CLANG_ANALYZER_NUMBER_OBJECT_CONVERSION = YES_AGGRESSIVE;
				CLANG_CXX_LANGUAGE_STANDARD = "gnu++20";
				CLANG_ENABLE_MODULES = YES;
				CLANG_ENABLE_OBJC_ARC = YES;
				CLANG_ENABLE_OBJC_WEAK = YES;
				CLANG_WARN_BLOCK_CAPTURE_AUTORELEASING = YES;
				CLANG_WARN_BOOL_CONVERSION = YES;
				CLANG_WARN_COMMA = YES;
				CLANG_WARN_CONSTANT_CONVERSION = YES;
				CLANG_WARN_DEPRECATED_OBJC_IMPLEMENTATIONS = YES;
				CLANG_WARN_DIRECT_OBJC_ISA_USAGE = YES_ERROR;
				CLANG_WARN_DOCUMENTATION_COMMENTS = YES;
				CLANG_WARN_EMPTY_BODY = YES;
				CLANG_WARN_ENUM_CONVERSION = YES;
				CLANG_WARN_INFINITE_RECURSION = YES;
				CLANG_WARN_INT_CONVERSION = YES;
				CLANG_WARN_NON_LITERAL_NULL_CONVERSION = YES;
				CLANG_WARN_OBJC_IMPLICIT_RETAIN_SELF = YES;
				CLANG_WARN_OBJC_LITERAL_CONVERSION = YES;
				CLANG_WARN_OBJC_ROOT_CLASS = YES_ERROR;
				CLANG_WARN_QUOTED_INCLUDE_IN_FRAMEWORK_HEADER = YES;
				CLANG_WARN_RANGE_LOOP_ANALYSIS = YES;
				CLANG_WARN_STRICT_PROTOTYPES = YES;
				CLANG_WARN_SUSPICIOUS_MOVE = YES;
				CLANG_WARN_UNGUARDED_AVAILABILITY = YES_AGGRESSIVE;
				CLANG_WARN_UNREACHABLE_CODE = YES;
				CLANG_WARN__DUPLICATE_METHOD_MATCH = YES;
				COPY_PHASE_STRIP = NO;
				DEBUG_INFORMATION_FORMAT = "dwarf-with-dsym";
				ENABLE_NS_ASSERTIONS = NO;
				ENABLE_STRICT_OBJC_MSGSEND = YES;
				GCC_C_LANGUAGE_STANDARD = gnu11;
				GCC_NO_COMMON_BLOCKS = YES;
				GCC_WARN_64_TO_32_BIT_CONVERSION = YES;
				GCC_WARN_ABOUT_RETURN_TYPE = YES_ERROR;
				GCC_WARN_UNDECLARED_SELECTOR = YES;
				GCC_WARN_UNINITIALIZED_AUTOS = YES_AGGRESSIVE;
				GCC_WARN_UNUSED_FUNCTION = YES;
				GCC_WARN_UNUSED_VARIABLE = YES;
				IPHONEOS_DEPLOYMENT_TARGET = 16.2;
				MTL_ENABLE_DEBUG_INFO = NO;
				MTL_FAST_MATH = YES;
				SDKROOT = iphoneos;
				SWIFT_COMPILATION_MODE = wholemodule;
				SWIFT_OPTIMIZATION_LEVEL = "-O";
				VALIDATE_PRODUCT = YES;
			};
			name = Release;
		};
		33F706A229D2FD42005587B2 /* Debug */ = {
			isa = XCBuildConfiguration;
			buildSettings = {
				ASSETCATALOG_COMPILER_APPICON_NAME = AppIcon;
				ASSETCATALOG_COMPILER_GLOBAL_ACCENT_COLOR_NAME = AccentColor;
				CODE_SIGN_STYLE = Automatic;
				CURRENT_PROJECT_VERSION = 1;
				DEVELOPMENT_TEAM = 79WWGD3DV6;
				GENERATE_INFOPLIST_FILE = YES;
				INFOPLIST_FILE = "Joural App/Info.plist";
				INFOPLIST_KEY_UIApplicationSupportsIndirectInputEvents = YES;
				INFOPLIST_KEY_UILaunchStoryboardName = LaunchScreen;
				INFOPLIST_KEY_UIMainStoryboardFile = Main;
				INFOPLIST_KEY_UISupportedInterfaceOrientations_iPad = "UIInterfaceOrientationPortrait UIInterfaceOrientationPortraitUpsideDown UIInterfaceOrientationLandscapeLeft UIInterfaceOrientationLandscapeRight";
				INFOPLIST_KEY_UISupportedInterfaceOrientations_iPhone = "UIInterfaceOrientationPortrait UIInterfaceOrientationLandscapeLeft UIInterfaceOrientationLandscapeRight";
				LD_RUNPATH_SEARCH_PATHS = (
					"$(inherited)",
					"@executable_path/Frameworks",
				);
				MARKETING_VERSION = 1.0;
				PRODUCT_BUNDLE_IDENTIFIER = "FU.Joural-App";
				PRODUCT_NAME = "$(TARGET_NAME)";
				SWIFT_EMIT_LOC_STRINGS = YES;
				SWIFT_VERSION = 5.0;
				TARGETED_DEVICE_FAMILY = "1,2";
			};
			name = Debug;
		};
		33F706A329D2FD42005587B2 /* Release */ = {
			isa = XCBuildConfiguration;
			buildSettings = {
				ASSETCATALOG_COMPILER_APPICON_NAME = AppIcon;
				ASSETCATALOG_COMPILER_GLOBAL_ACCENT_COLOR_NAME = AccentColor;
				CODE_SIGN_STYLE = Automatic;
				CURRENT_PROJECT_VERSION = 1;
				DEVELOPMENT_TEAM = 79WWGD3DV6;
				GENERATE_INFOPLIST_FILE = YES;
				INFOPLIST_FILE = "Joural App/Info.plist";
				INFOPLIST_KEY_UIApplicationSupportsIndirectInputEvents = YES;
				INFOPLIST_KEY_UILaunchStoryboardName = LaunchScreen;
				INFOPLIST_KEY_UIMainStoryboardFile = Main;
				INFOPLIST_KEY_UISupportedInterfaceOrientations_iPad = "UIInterfaceOrientationPortrait UIInterfaceOrientationPortraitUpsideDown UIInterfaceOrientationLandscapeLeft UIInterfaceOrientationLandscapeRight";
				INFOPLIST_KEY_UISupportedInterfaceOrientations_iPhone = "UIInterfaceOrientationPortrait UIInterfaceOrientationLandscapeLeft UIInterfaceOrientationLandscapeRight";
				LD_RUNPATH_SEARCH_PATHS = (
					"$(inherited)",
					"@executable_path/Frameworks",
				);
				MARKETING_VERSION = 1.0;
				PRODUCT_BUNDLE_IDENTIFIER = "FU.Joural-App";
				PRODUCT_NAME = "$(TARGET_NAME)";
				SWIFT_EMIT_LOC_STRINGS = YES;
				SWIFT_VERSION = 5.0;
				TARGETED_DEVICE_FAMILY = "1,2";
			};
			name = Release;
		};
		33F706A529D2FD42005587B2 /* Debug */ = {
			isa = XCBuildConfiguration;
			buildSettings = {
				ALWAYS_EMBED_SWIFT_STANDARD_LIBRARIES = YES;
				BUNDLE_LOADER = "$(TEST_HOST)";
				CODE_SIGN_STYLE = Automatic;
				CURRENT_PROJECT_VERSION = 1;
				DEVELOPMENT_TEAM = 79WWGD3DV6;
				GENERATE_INFOPLIST_FILE = YES;
				IPHONEOS_DEPLOYMENT_TARGET = 16.2;
				MARKETING_VERSION = 1.0;
				PRODUCT_BUNDLE_IDENTIFIER = "FU.Joural-AppTests";
				PRODUCT_NAME = "$(TARGET_NAME)";
				SWIFT_EMIT_LOC_STRINGS = NO;
				SWIFT_VERSION = 5.0;
				TARGETED_DEVICE_FAMILY = "1,2";
				TEST_HOST = "$(BUILT_PRODUCTS_DIR)/Joural App.app/$(BUNDLE_EXECUTABLE_FOLDER_PATH)/Joural App";
			};
			name = Debug;
		};
		33F706A629D2FD42005587B2 /* Release */ = {
			isa = XCBuildConfiguration;
			buildSettings = {
				ALWAYS_EMBED_SWIFT_STANDARD_LIBRARIES = YES;
				BUNDLE_LOADER = "$(TEST_HOST)";
				CODE_SIGN_STYLE = Automatic;
				CURRENT_PROJECT_VERSION = 1;
				DEVELOPMENT_TEAM = 79WWGD3DV6;
				GENERATE_INFOPLIST_FILE = YES;
				IPHONEOS_DEPLOYMENT_TARGET = 16.2;
				MARKETING_VERSION = 1.0;
				PRODUCT_BUNDLE_IDENTIFIER = "FU.Joural-AppTests";
				PRODUCT_NAME = "$(TARGET_NAME)";
				SWIFT_EMIT_LOC_STRINGS = NO;
				SWIFT_VERSION = 5.0;
				TARGETED_DEVICE_FAMILY = "1,2";
				TEST_HOST = "$(BUILT_PRODUCTS_DIR)/Joural App.app/$(BUNDLE_EXECUTABLE_FOLDER_PATH)/Joural App";
			};
			name = Release;
		};
		33F706A829D2FD42005587B2 /* Debug */ = {
			isa = XCBuildConfiguration;
			buildSettings = {
				ALWAYS_EMBED_SWIFT_STANDARD_LIBRARIES = YES;
				CODE_SIGN_STYLE = Automatic;
				CURRENT_PROJECT_VERSION = 1;
				DEVELOPMENT_TEAM = 79WWGD3DV6;
				GENERATE_INFOPLIST_FILE = YES;
				MARKETING_VERSION = 1.0;
				PRODUCT_BUNDLE_IDENTIFIER = "FU.Joural-AppUITests";
				PRODUCT_NAME = "$(TARGET_NAME)";
				SWIFT_EMIT_LOC_STRINGS = NO;
				SWIFT_VERSION = 5.0;
				TARGETED_DEVICE_FAMILY = "1,2";
				TEST_TARGET_NAME = "Joural App";
			};
			name = Debug;
		};
		33F706A929D2FD42005587B2 /* Release */ = {
			isa = XCBuildConfiguration;
			buildSettings = {
				ALWAYS_EMBED_SWIFT_STANDARD_LIBRARIES = YES;
				CODE_SIGN_STYLE = Automatic;
				CURRENT_PROJECT_VERSION = 1;
				DEVELOPMENT_TEAM = 79WWGD3DV6;
				GENERATE_INFOPLIST_FILE = YES;
				MARKETING_VERSION = 1.0;
				PRODUCT_BUNDLE_IDENTIFIER = "FU.Joural-AppUITests";
				PRODUCT_NAME = "$(TARGET_NAME)";
				SWIFT_EMIT_LOC_STRINGS = NO;
				SWIFT_VERSION = 5.0;
				TARGETED_DEVICE_FAMILY = "1,2";
				TEST_TARGET_NAME = "Joural App";
			};
			name = Release;
		};
/* End XCBuildConfiguration section */

/* Begin XCConfigurationList section */
		33F7067229D2FD40005587B2 /* Build configuration list for PBXProject "Joural App" */ = {
			isa = XCConfigurationList;
			buildConfigurations = (
				33F7069F29D2FD42005587B2 /* Debug */,
				33F706A029D2FD42005587B2 /* Release */,
			);
			defaultConfigurationIsVisible = 0;
			defaultConfigurationName = Release;
		};
		33F706A129D2FD42005587B2 /* Build configuration list for PBXNativeTarget "Joural App" */ = {
			isa = XCConfigurationList;
			buildConfigurations = (
				33F706A229D2FD42005587B2 /* Debug */,
				33F706A329D2FD42005587B2 /* Release */,
			);
			defaultConfigurationIsVisible = 0;
			defaultConfigurationName = Release;
		};
		33F706A429D2FD42005587B2 /* Build configuration list for PBXNativeTarget "Joural AppTests" */ = {
			isa = XCConfigurationList;
			buildConfigurations = (
				33F706A529D2FD42005587B2 /* Debug */,
				33F706A629D2FD42005587B2 /* Release */,
			);
			defaultConfigurationIsVisible = 0;
			defaultConfigurationName = Release;
		};
		33F706A729D2FD42005587B2 /* Build configuration list for PBXNativeTarget "Joural AppUITests" */ = {
			isa = XCConfigurationList;
			buildConfigurations = (
				33F706A829D2FD42005587B2 /* Debug */,
				33F706A929D2FD42005587B2 /* Release */,
			);
			defaultConfigurationIsVisible = 0;
			defaultConfigurationName = Release;
		};
/* End XCConfigurationList section */
	};
	rootObject = 33F7066F29D2FD40005587B2 /* Project object */;
}
